
Microsoft Visual Studio Solution File, Format Version 12.00
Project("{FAE04EC0-301F-11D3-BF4B-00C04F79EFBC}") = "API", "API\API.csproj", "{CE4FD63D-4F35-4F97-B378-7BFEAF107CB9}"
EndProject
Project("{FAE04EC0-301F-11D3-BF4B-00C04F79EFBC}") = "Application", "Application\Application.csproj", "{F6EB7144-CE24-4ADF-AD7D-A9898F2E37C1}"
EndProject
Project("{FAE04EC0-301F-11D3-BF4B-00C04F79EFBC}") = "Domain", "Domain\Domain.csproj", "{830FC862-4A55-4C2C-A908-CD5AABFED28C}"
EndProject
Project("{FAE04EC0-301F-11D3-BF4B-00C04F79EFBC}") = "Infraestructure", "Infraestructure\Infraestructure.csproj", "{BB0E8CB5-EA72-49BE-8A1C-E9C10B6ACD99}"
EndProject
Project("{2150E333-8FDC-42A3-9474-1A3956D46DE8}") = "src", "src", "{740448AE-9CD9-4F2C-8CA2-C11938C015C7}"
EndProject
Project("{2150E333-8FDC-42A3-9474-1A3956D46DE8}") = "Tests", "Tests", "{BA662AA9-8628-42C4-91F0-739D9462F27B}"
EndProject
Project("{FAE04EC0-301F-11D3-BF4B-00C04F79EFBC}") = "Application.UnitTests", "Application.UnitTests\Application.UnitTests.csproj", "{319A0E09-C44F-4A2F-B844-71223E63D0FE}"
EndProject
Global
	GlobalSection(SolutionConfigurationPlatforms) = preSolution
		Debug|Any CPU = Debug|Any CPU
		Release|Any CPU = Release|Any CPU
	EndGlobalSection
	GlobalSection(ProjectConfigurationPlatforms) = postSolution
		{CE4FD63D-4F35-4F97-B378-7BFEAF107CB9}.Debug|Any CPU.ActiveCfg = Debug|Any CPU
		{CE4FD63D-4F35-4F97-B378-7BFEAF107CB9}.Debug|Any CPU.Build.0 = Debug|Any CPU
		{CE4FD63D-4F35-4F97-B378-7BFEAF107CB9}.Release|Any CPU.ActiveCfg = Release|Any CPU
		{CE4FD63D-4F35-4F97-B378-7BFEAF107CB9}.Release|Any CPU.Build.0 = Release|Any CPU
		{F6EB7144-CE24-4ADF-AD7D-A9898F2E37C1}.Debug|Any CPU.ActiveCfg = Debug|Any CPU
		{F6EB7144-CE24-4ADF-AD7D-A9898F2E37C1}.Debug|Any CPU.Build.0 = Debug|Any CPU
		{F6EB7144-CE24-4ADF-AD7D-A9898F2E37C1}.Release|Any CPU.ActiveCfg = Release|Any CPU
		{F6EB7144-CE24-4ADF-AD7D-A9898F2E37C1}.Release|Any CPU.Build.0 = Release|Any CPU
		{830FC862-4A55-4C2C-A908-CD5AABFED28C}.Debug|Any CPU.ActiveCfg = Debug|Any CPU
		{830FC862-4A55-4C2C-A908-CD5AABFED28C}.Debug|Any CPU.Build.0 = Debug|Any CPU
		{830FC862-4A55-4C2C-A908-CD5AABFED28C}.Release|Any CPU.ActiveCfg = Release|Any CPU
		{830FC862-4A55-4C2C-A908-CD5AABFED28C}.Release|Any CPU.Build.0 = Release|Any CPU
		{BB0E8CB5-EA72-49BE-8A1C-E9C10B6ACD99}.Debug|Any CPU.ActiveCfg = Debug|Any CPU
		{BB0E8CB5-EA72-49BE-8A1C-E9C10B6ACD99}.Debug|Any CPU.Build.0 = Debug|Any CPU
		{BB0E8CB5-EA72-49BE-8A1C-E9C10B6ACD99}.Release|Any CPU.ActiveCfg = Release|Any CPU
		{BB0E8CB5-EA72-49BE-8A1C-E9C10B6ACD99}.Release|Any CPU.Build.0 = Release|Any CPU
		{319A0E09-C44F-4A2F-B844-71223E63D0FE}.Debug|Any CPU.ActiveCfg = Debug|Any CPU
		{319A0E09-C44F-4A2F-B844-71223E63D0FE}.Debug|Any CPU.Build.0 = Debug|Any CPU
		{319A0E09-C44F-4A2F-B844-71223E63D0FE}.Release|Any CPU.ActiveCfg = Release|Any CPU
		{319A0E09-C44F-4A2F-B844-71223E63D0FE}.Release|Any CPU.Build.0 = Release|Any CPU
	EndGlobalSection
	GlobalSection(NestedProjects) = preSolution
		{CE4FD63D-4F35-4F97-B378-7BFEAF107CB9} = {740448AE-9CD9-4F2C-8CA2-C11938C015C7}
		{F6EB7144-CE24-4ADF-AD7D-A9898F2E37C1} = {740448AE-9CD9-4F2C-8CA2-C11938C015C7}
		{830FC862-4A55-4C2C-A908-CD5AABFED28C} = {740448AE-9CD9-4F2C-8CA2-C11938C015C7}
		{BB0E8CB5-EA72-49BE-8A1C-E9C10B6ACD99} = {740448AE-9CD9-4F2C-8CA2-C11938C015C7}
		{319A0E09-C44F-4A2F-B844-71223E63D0FE} = {BA662AA9-8628-42C4-91F0-739D9462F27B}
	EndGlobalSection
EndGlobal
